
Microsoft Visual Studio Solution File, Format Version 12.00
# Visual Studio Version 16
VisualStudioVersion = 16.0.30114.105
MinimumVisualStudioVersion = 10.0.40219.1
Project("{9A19103F-16F7-4668-BE54-9A1E7A4F7556}") = "ESourcing.Persons", "ESourcing.Persons\ESourcing.Persons.csproj", "{EC9EB6C7-D1D4-4986-97FC-5A359B24EF23}"
EndProject
Project("{2150E333-8FDC-42A3-9474-1A3956D46DE8}") = "Persons", "Persons", "{81A47307-9FBE-4AFC-8473-4E44CEFC6E0A}"
EndProject
Project("{2150E333-8FDC-42A3-9474-1A3956D46DE8}") = "src", "src", "{C126B8CE-A840-4C22-9692-2DA5E4DAAA83}"
EndProject
Project("{2150E333-8FDC-42A3-9474-1A3956D46DE8}") = "Services", "Services", "{FE1F08DA-6329-4AA4-A792-73C60D862F9B}"
EndProject
Project("{E53339B2-1760-4266-BCC7-CA923CBCF16C}") = "docker-compose", "docker-compose.dcproj", "{646B4BD9-DABA-489B-8E67-F11CFD5B1FBD}"
EndProject
Project("{2150E333-8FDC-42A3-9474-1A3956D46DE8}") = "Reports", "Reports", "{BA3C37AE-CE46-4848-8C69-D4FC8EC85EA5}"
EndProject
Project("{FAE04EC0-301F-11D3-BF4B-00C04F79EFBC}") = "ESourcing.Reports", "ESourcing.Reports\ESourcing.Reports.csproj", "{07F0A24C-9CD1-4FDE-9FDD-E79E3A84E459}"
EndProject
Project("{2150E333-8FDC-42A3-9474-1A3956D46DE8}") = "Common", "Common", "{C8762083-BD72-4CCE-AA17-69EA5DB28985}"
EndProject
Project("{FAE04EC0-301F-11D3-BF4B-00C04F79EFBC}") = "EventBusRabbitMQ", "EventBusRabbitMQ\EventBusRabbitMQ.csproj", "{AAB906DF-C8A0-4409-BF38-141C397F355C}"
EndProject
Global
	GlobalSection(SolutionConfigurationPlatforms) = preSolution
		Debug|Any CPU = Debug|Any CPU
		Debug|x64 = Debug|x64
		Debug|x86 = Debug|x86
		Release|Any CPU = Release|Any CPU
		Release|x64 = Release|x64
		Release|x86 = Release|x86
	EndGlobalSection
	GlobalSection(ProjectConfigurationPlatforms) = postSolution
		{EC9EB6C7-D1D4-4986-97FC-5A359B24EF23}.Debug|Any CPU.ActiveCfg = Debug|Any CPU
		{EC9EB6C7-D1D4-4986-97FC-5A359B24EF23}.Debug|Any CPU.Build.0 = Debug|Any CPU
		{EC9EB6C7-D1D4-4986-97FC-5A359B24EF23}.Debug|x64.ActiveCfg = Debug|Any CPU
		{EC9EB6C7-D1D4-4986-97FC-5A359B24EF23}.Debug|x64.Build.0 = Debug|Any CPU
		{EC9EB6C7-D1D4-4986-97FC-5A359B24EF23}.Debug|x86.ActiveCfg = Debug|Any CPU
		{EC9EB6C7-D1D4-4986-97FC-5A359B24EF23}.Debug|x86.Build.0 = Debug|Any CPU
		{EC9EB6C7-D1D4-4986-97FC-5A359B24EF23}.Release|Any CPU.ActiveCfg = Release|Any CPU
		{EC9EB6C7-D1D4-4986-97FC-5A359B24EF23}.Release|Any CPU.Build.0 = Release|Any CPU
		{EC9EB6C7-D1D4-4986-97FC-5A359B24EF23}.Release|x64.ActiveCfg = Release|Any CPU
		{EC9EB6C7-D1D4-4986-97FC-5A359B24EF23}.Release|x64.Build.0 = Release|Any CPU
		{EC9EB6C7-D1D4-4986-97FC-5A359B24EF23}.Release|x86.ActiveCfg = Release|Any CPU
		{EC9EB6C7-D1D4-4986-97FC-5A359B24EF23}.Release|x86.Build.0 = Release|Any CPU
		{646B4BD9-DABA-489B-8E67-F11CFD5B1FBD}.Debug|Any CPU.ActiveCfg = Debug|Any CPU
		{646B4BD9-DABA-489B-8E67-F11CFD5B1FBD}.Debug|Any CPU.Build.0 = Debug|Any CPU
		{646B4BD9-DABA-489B-8E67-F11CFD5B1FBD}.Debug|x64.ActiveCfg = Debug|Any CPU
		{646B4BD9-DABA-489B-8E67-F11CFD5B1FBD}.Debug|x64.Build.0 = Debug|Any CPU
		{646B4BD9-DABA-489B-8E67-F11CFD5B1FBD}.Debug|x86.ActiveCfg = Debug|Any CPU
		{646B4BD9-DABA-489B-8E67-F11CFD5B1FBD}.Debug|x86.Build.0 = Debug|Any CPU
		{646B4BD9-DABA-489B-8E67-F11CFD5B1FBD}.Release|Any CPU.ActiveCfg = Release|Any CPU
		{646B4BD9-DABA-489B-8E67-F11CFD5B1FBD}.Release|Any CPU.Build.0 = Release|Any CPU
		{646B4BD9-DABA-489B-8E67-F11CFD5B1FBD}.Release|x64.ActiveCfg = Release|Any CPU
		{646B4BD9-DABA-489B-8E67-F11CFD5B1FBD}.Release|x64.Build.0 = Release|Any CPU
		{646B4BD9-DABA-489B-8E67-F11CFD5B1FBD}.Release|x86.ActiveCfg = Release|Any CPU
		{646B4BD9-DABA-489B-8E67-F11CFD5B1FBD}.Release|x86.Build.0 = Release|Any CPU
		{07F0A24C-9CD1-4FDE-9FDD-E79E3A84E459}.Debug|Any CPU.ActiveCfg = Debug|Any CPU
		{07F0A24C-9CD1-4FDE-9FDD-E79E3A84E459}.Debug|Any CPU.Build.0 = Debug|Any CPU
		{07F0A24C-9CD1-4FDE-9FDD-E79E3A84E459}.Debug|x64.ActiveCfg = Debug|Any CPU
		{07F0A24C-9CD1-4FDE-9FDD-E79E3A84E459}.Debug|x64.Build.0 = Debug|Any CPU
		{07F0A24C-9CD1-4FDE-9FDD-E79E3A84E459}.Debug|x86.ActiveCfg = Debug|Any CPU
		{07F0A24C-9CD1-4FDE-9FDD-E79E3A84E459}.Debug|x86.Build.0 = Debug|Any CPU
		{07F0A24C-9CD1-4FDE-9FDD-E79E3A84E459}.Release|Any CPU.ActiveCfg = Release|Any CPU
		{07F0A24C-9CD1-4FDE-9FDD-E79E3A84E459}.Release|Any CPU.Build.0 = Release|Any CPU
		{07F0A24C-9CD1-4FDE-9FDD-E79E3A84E459}.Release|x64.ActiveCfg = Release|Any CPU
		{07F0A24C-9CD1-4FDE-9FDD-E79E3A84E459}.Release|x64.Build.0 = Release|Any CPU
		{07F0A24C-9CD1-4FDE-9FDD-E79E3A84E459}.Release|x86.ActiveCfg = Release|Any CPU
		{07F0A24C-9CD1-4FDE-9FDD-E79E3A84E459}.Release|x86.Build.0 = Release|Any CPU
		{AAB906DF-C8A0-4409-BF38-141C397F355C}.Debug|Any CPU.ActiveCfg = Debug|Any CPU
		{AAB906DF-C8A0-4409-BF38-141C397F355C}.Debug|Any CPU.Build.0 = Debug|Any CPU
		{AAB906DF-C8A0-4409-BF38-141C397F355C}.Debug|x64.ActiveCfg = Debug|Any CPU
		{AAB906DF-C8A0-4409-BF38-141C397F355C}.Debug|x64.Build.0 = Debug|Any CPU
		{AAB906DF-C8A0-4409-BF38-141C397F355C}.Debug|x86.ActiveCfg = Debug|Any CPU
		{AAB906DF-C8A0-4409-BF38-141C397F355C}.Debug|x86.Build.0 = Debug|Any CPU
		{AAB906DF-C8A0-4409-BF38-141C397F355C}.Release|Any CPU.ActiveCfg = Release|Any CPU
		{AAB906DF-C8A0-4409-BF38-141C397F355C}.Release|Any CPU.Build.0 = Release|Any CPU
		{AAB906DF-C8A0-4409-BF38-141C397F355C}.Release|x64.ActiveCfg = Release|Any CPU
		{AAB906DF-C8A0-4409-BF38-141C397F355C}.Release|x64.Build.0 = Release|Any CPU
		{AAB906DF-C8A0-4409-BF38-141C397F355C}.Release|x86.ActiveCfg = Release|Any CPU
		{AAB906DF-C8A0-4409-BF38-141C397F355C}.Release|x86.Build.0 = Release|Any CPU
	EndGlobalSection
	GlobalSection(SolutionProperties) = preSolution
		HideSolutionNode = FALSE
	EndGlobalSection
	GlobalSection(NestedProjects) = preSolution
		{EC9EB6C7-D1D4-4986-97FC-5A359B24EF23} = {81A47307-9FBE-4AFC-8473-4E44CEFC6E0A}
		{81A47307-9FBE-4AFC-8473-4E44CEFC6E0A} = {FE1F08DA-6329-4AA4-A792-73C60D862F9B}
		{FE1F08DA-6329-4AA4-A792-73C60D862F9B} = {C126B8CE-A840-4C22-9692-2DA5E4DAAA83}
		{BA3C37AE-CE46-4848-8C69-D4FC8EC85EA5} = {FE1F08DA-6329-4AA4-A792-73C60D862F9B}
		{07F0A24C-9CD1-4FDE-9FDD-E79E3A84E459} = {BA3C37AE-CE46-4848-8C69-D4FC8EC85EA5}
		{C8762083-BD72-4CCE-AA17-69EA5DB28985} = {FE1F08DA-6329-4AA4-A792-73C60D862F9B}
		{AAB906DF-C8A0-4409-BF38-141C397F355C} = {C8762083-BD72-4CCE-AA17-69EA5DB28985}
	EndGlobalSection
	GlobalSection(ExtensibilityGlobals) = postSolution
		SolutionGuid = {C3E35D3F-ABBE-4971-8803-1F9A85DDA17D}
	EndGlobalSection
EndGlobal
